
Microsoft Visual Studio Solution File, Format Version 12.00
# Visual Studio 14
VisualStudioVersion = 14.0.25123.0
MinimumVisualStudioVersion = 10.0.40219.1
Project("{FAE04EC0-301F-11D3-BF4B-00C04F79EFBC}") = "Application.WEB", "Application.WEB\Application.WEB.csproj", "{B5361DB0-61C3-4B63-80B1-011CE4006837}"
EndProject
Project("{FAE04EC0-301F-11D3-BF4B-00C04F79EFBC}") = "Application.DAL", "Application.DAL\Application.DAL.csproj", "{6C1553D7-9AC2-4840-A32B-798235DC198C}"
EndProject
Project("{FAE04EC0-301F-11D3-BF4B-00C04F79EFBC}") = "Application.BLL", "Application.BLL\Application.BLL.csproj", "{0760B731-D5A2-4A14-9BBD-308BDEAA8ED6}"
EndProject
Global
	GlobalSection(SolutionConfigurationPlatforms) = preSolution
		Debug|Any CPU = Debug|Any CPU
		Release|Any CPU = Release|Any CPU
	EndGlobalSection
	GlobalSection(ProjectConfigurationPlatforms) = postSolution
		{B5361DB0-61C3-4B63-80B1-011CE4006837}.Debug|Any CPU.ActiveCfg = Debug|Any CPU
		{B5361DB0-61C3-4B63-80B1-011CE4006837}.Debug|Any CPU.Build.0 = Debug|Any CPU
		{B5361DB0-61C3-4B63-80B1-011CE4006837}.Release|Any CPU.ActiveCfg = Release|Any CPU
		{B5361DB0-61C3-4B63-80B1-011CE4006837}.Release|Any CPU.Build.0 = Release|Any CPU
		{6C1553D7-9AC2-4840-A32B-798235DC198C}.Debug|Any CPU.ActiveCfg = Debug|Any CPU
		{6C1553D7-9AC2-4840-A32B-798235DC198C}.Debug|Any CPU.Build.0 = Debug|Any CPU
		{6C1553D7-9AC2-4840-A32B-798235DC198C}.Release|Any CPU.ActiveCfg = Release|Any CPU
		{6C1553D7-9AC2-4840-A32B-798235DC198C}.Release|Any CPU.Build.0 = Release|Any CPU
		{0760B731-D5A2-4A14-9BBD-308BDEAA8ED6}.Debug|Any CPU.ActiveCfg = Debug|Any CPU
		{0760B731-D5A2-4A14-9BBD-308BDEAA8ED6}.Debug|Any CPU.Build.0 = Debug|Any CPU
		{0760B731-D5A2-4A14-9BBD-308BDEAA8ED6}.Release|Any CPU.ActiveCfg = Release|Any CPU
		{0760B731-D5A2-4A14-9BBD-308BDEAA8ED6}.Release|Any CPU.Build.0 = Release|Any CPU
	EndGlobalSection
	GlobalSection(SolutionProperties) = preSolution
		HideSolutionNode = FALSE
	EndGlobalSection
EndGlobal
